// !$*UTF8*$!
{
	archiveVersion = 1;
	classes = {
	};
	objectVersion = 46;
	objects = {

/* Begin PBXBuildFile section */
		2B0D99791DDFB4460008F57C /* BluetoothKit.framework in Frameworks */ = {isa = PBXBuildFile; fileRef = 2B7180881DDFB41600569235 /* BluetoothKit.framework */; };
		2B0D997A1DDFB4500008F57C /* BluetoothKit.framework in Embed Frameworks */ = {isa = PBXBuildFile; fileRef = 2B7180881DDFB41600569235 /* BluetoothKit.framework */; settings = {ATTRIBUTES = (CodeSignOnCopy, RemoveHeadersOnCopy, ); }; };
		2B0D997C1DDFB7790008F57C /* DataModel.swift in Sources */ = {isa = PBXBuildFile; fileRef = 2B0D997B1DDFB7790008F57C /* DataModel.swift */; };
		2B0D997E1DDFBDBC0008F57C /* JSONConversion.swift in Sources */ = {isa = PBXBuildFile; fileRef = 2B0D997D1DDFBDBC0008F57C /* JSONConversion.swift */; };
		2B269B681DDE2F40004CD67C /* AppDelegate.swift in Sources */ = {isa = PBXBuildFile; fileRef = 2B269B671DDE2F40004CD67C /* AppDelegate.swift */; };
		2B269B6A1DDE2F40004CD67C /* ViewController.swift in Sources */ = {isa = PBXBuildFile; fileRef = 2B269B691DDE2F40004CD67C /* ViewController.swift */; };
		2B269B6D1DDE2F40004CD67C /* Main.storyboard in Resources */ = {isa = PBXBuildFile; fileRef = 2B269B6B1DDE2F40004CD67C /* Main.storyboard */; };
		2B269B6F1DDE2F40004CD67C /* Assets.xcassets in Resources */ = {isa = PBXBuildFile; fileRef = 2B269B6E1DDE2F40004CD67C /* Assets.xcassets */; };
		2B269B721DDE2F40004CD67C /* LaunchScreen.storyboard in Resources */ = {isa = PBXBuildFile; fileRef = 2B269B701DDE2F40004CD67C /* LaunchScreen.storyboard */; };
		2B269B7D1DDE2F40004CD67C /* BLETestTests.swift in Sources */ = {isa = PBXBuildFile; fileRef = 2B269B7C1DDE2F40004CD67C /* BLETestTests.swift */; };
		2B269B881DDE2F40004CD67C /* BLETestUITests.swift in Sources */ = {isa = PBXBuildFile; fileRef = 2B269B871DDE2F40004CD67C /* BLETestUITests.swift */; };
/* End PBXBuildFile section */

/* Begin PBXContainerItemProxy section */
		2B269B791DDE2F40004CD67C /* PBXContainerItemProxy */ = {
			isa = PBXContainerItemProxy;
			containerPortal = 2B269B5C1DDE2F40004CD67C /* Project object */;
			proxyType = 1;
			remoteGlobalIDString = 2B269B631DDE2F40004CD67C;
			remoteInfo = BLETest;
		};
		2B269B841DDE2F40004CD67C /* PBXContainerItemProxy */ = {
			isa = PBXContainerItemProxy;
			containerPortal = 2B269B5C1DDE2F40004CD67C /* Project object */;
			proxyType = 1;
			remoteGlobalIDString = 2B269B631DDE2F40004CD67C;
			remoteInfo = BLETest;
		};
		2B7180871DDFB41600569235 /* PBXContainerItemProxy */ = {
			isa = PBXContainerItemProxy;
			containerPortal = 2B7180811DDFB41600569235 /* BluetoothKit.xcodeproj */;
			proxyType = 2;
			remoteGlobalIDString = C687E3981B8B496400B702D8;
			remoteInfo = "BluetoothKit iOS";
		};
		2B7180891DDFB41600569235 /* PBXContainerItemProxy */ = {
			isa = PBXContainerItemProxy;
			containerPortal = 2B7180811DDFB41600569235 /* BluetoothKit.xcodeproj */;
			proxyType = 2;
			remoteGlobalIDString = C6ED86C11BA955A600C9B70B;
			remoteInfo = "BluetoothKit OSX";
		};
		2B71808B1DDFB41600569235 /* PBXContainerItemProxy */ = {
			isa = PBXContainerItemProxy;
			containerPortal = 2B7180811DDFB41600569235 /* BluetoothKit.xcodeproj */;
			proxyType = 2;
			remoteGlobalIDString = C64CDDF31BE4C46A00F72549;
			remoteInfo = "BluetoothKit tvOS";
		};
/* End PBXContainerItemProxy section */

/* Begin PBXCopyFilesBuildPhase section */
		2BAF04101DDF844C00749C28 /* Embed Frameworks */ = {
			isa = PBXCopyFilesBuildPhase;
			buildActionMask = 2147483647;
			dstPath = "";
			dstSubfolderSpec = 10;
			files = (
				2B0D997A1DDFB4500008F57C /* BluetoothKit.framework in Embed Frameworks */,
			);
			name = "Embed Frameworks";
			runOnlyForDeploymentPostprocessing = 0;
		};
/* End PBXCopyFilesBuildPhase section */

/* Begin PBXFileReference section */
		2B0D997B1DDFB7790008F57C /* DataModel.swift */ = {isa = PBXFileReference; fileEncoding = 4; lastKnownFileType = sourcecode.swift; path = DataModel.swift; sourceTree = "<group>"; };
		2B0D997D1DDFBDBC0008F57C /* JSONConversion.swift */ = {isa = PBXFileReference; fileEncoding = 4; lastKnownFileType = sourcecode.swift; path = JSONConversion.swift; sourceTree = "<group>"; };
		2B269B641DDE2F40004CD67C /* BLETest.app */ = {isa = PBXFileReference; explicitFileType = wrapper.application; includeInIndex = 0; path = BLETest.app; sourceTree = BUILT_PRODUCTS_DIR; };
		2B269B671DDE2F40004CD67C /* AppDelegate.swift */ = {isa = PBXFileReference; lastKnownFileType = sourcecode.swift; path = AppDelegate.swift; sourceTree = "<group>"; };
		2B269B691DDE2F40004CD67C /* ViewController.swift */ = {isa = PBXFileReference; lastKnownFileType = sourcecode.swift; path = ViewController.swift; sourceTree = "<group>"; };
		2B269B6C1DDE2F40004CD67C /* Base */ = {isa = PBXFileReference; lastKnownFileType = file.storyboard; name = Base; path = Base.lproj/Main.storyboard; sourceTree = "<group>"; };
		2B269B6E1DDE2F40004CD67C /* Assets.xcassets */ = {isa = PBXFileReference; lastKnownFileType = folder.assetcatalog; path = Assets.xcassets; sourceTree = "<group>"; };
		2B269B711DDE2F40004CD67C /* Base */ = {isa = PBXFileReference; lastKnownFileType = file.storyboard; name = Base; path = Base.lproj/LaunchScreen.storyboard; sourceTree = "<group>"; };
		2B269B731DDE2F40004CD67C /* Info.plist */ = {isa = PBXFileReference; lastKnownFileType = text.plist.xml; path = Info.plist; sourceTree = "<group>"; };
		2B269B781DDE2F40004CD67C /* BLETestTests.xctest */ = {isa = PBXFileReference; explicitFileType = wrapper.cfbundle; includeInIndex = 0; path = BLETestTests.xctest; sourceTree = BUILT_PRODUCTS_DIR; };
		2B269B7C1DDE2F40004CD67C /* BLETestTests.swift */ = {isa = PBXFileReference; lastKnownFileType = sourcecode.swift; path = BLETestTests.swift; sourceTree = "<group>"; };
		2B269B7E1DDE2F40004CD67C /* Info.plist */ = {isa = PBXFileReference; lastKnownFileType = text.plist.xml; path = Info.plist; sourceTree = "<group>"; };
		2B269B831DDE2F40004CD67C /* BLETestUITests.xctest */ = {isa = PBXFileReference; explicitFileType = wrapper.cfbundle; includeInIndex = 0; path = BLETestUITests.xctest; sourceTree = BUILT_PRODUCTS_DIR; };
		2B269B871DDE2F40004CD67C /* BLETestUITests.swift */ = {isa = PBXFileReference; lastKnownFileType = sourcecode.swift; path = BLETestUITests.swift; sourceTree = "<group>"; };
		2B269B891DDE2F40004CD67C /* Info.plist */ = {isa = PBXFileReference; lastKnownFileType = text.plist.xml; path = Info.plist; sourceTree = "<group>"; };
		2B7180811DDFB41600569235 /* BluetoothKit.xcodeproj */ = {isa = PBXFileReference; lastKnownFileType = "wrapper.pb-project"; name = BluetoothKit.xcodeproj; path = ../Carthage/Checkouts/BluetoothKit/BluetoothKit.xcodeproj; sourceTree = "<group>"; };
/* End PBXFileReference section */

/* Begin PBXFrameworksBuildPhase section */
		2B269B611DDE2F40004CD67C /* Frameworks */ = {
			isa = PBXFrameworksBuildPhase;
			buildActionMask = 2147483647;
			files = (
				2B0D99791DDFB4460008F57C /* BluetoothKit.framework in Frameworks */,
			);
			runOnlyForDeploymentPostprocessing = 0;
		};
		2B269B751DDE2F40004CD67C /* Frameworks */ = {
			isa = PBXFrameworksBuildPhase;
			buildActionMask = 2147483647;
			files = (
			);
			runOnlyForDeploymentPostprocessing = 0;
		};
		2B269B801DDE2F40004CD67C /* Frameworks */ = {
			isa = PBXFrameworksBuildPhase;
			buildActionMask = 2147483647;
			files = (
			);
			runOnlyForDeploymentPostprocessing = 0;
		};
/* End PBXFrameworksBuildPhase section */

/* Begin PBXGroup section */
		2B269B5B1DDE2F40004CD67C = {
			isa = PBXGroup;
			children = (
				2B269B661DDE2F40004CD67C /* BLETest */,
				2B269B7B1DDE2F40004CD67C /* BLETestTests */,
				2B269B861DDE2F40004CD67C /* BLETestUITests */,
				2B269B951DDE2FB2004CD67C /* Frameworks */,
				2B269B651DDE2F40004CD67C /* Products */,
			);
			sourceTree = "<group>";
		};
		2B269B651DDE2F40004CD67C /* Products */ = {
			isa = PBXGroup;
			children = (
				2B269B641DDE2F40004CD67C /* BLETest.app */,
				2B269B781DDE2F40004CD67C /* BLETestTests.xctest */,
				2B269B831DDE2F40004CD67C /* BLETestUITests.xctest */,
			);
			name = Products;
			sourceTree = "<group>";
		};
		2B269B661DDE2F40004CD67C /* BLETest */ = {
			isa = PBXGroup;
			children = (
				2B269B671DDE2F40004CD67C /* AppDelegate.swift */,
				2B269B691DDE2F40004CD67C /* ViewController.swift */,
				2B269B6B1DDE2F40004CD67C /* Main.storyboard */,
				2B269B6E1DDE2F40004CD67C /* Assets.xcassets */,
				2B269B701DDE2F40004CD67C /* LaunchScreen.storyboard */,
				2B269B731DDE2F40004CD67C /* Info.plist */,
				2B0D997B1DDFB7790008F57C /* DataModel.swift */,
				2B0D997D1DDFBDBC0008F57C /* JSONConversion.swift */,
			);
			path = BLETest;
			sourceTree = "<group>";
		};
		2B269B7B1DDE2F40004CD67C /* BLETestTests */ = {
			isa = PBXGroup;
			children = (
				2B269B7C1DDE2F40004CD67C /* BLETestTests.swift */,
				2B269B7E1DDE2F40004CD67C /* Info.plist */,
			);
			path = BLETestTests;
			sourceTree = "<group>";
		};
		2B269B861DDE2F40004CD67C /* BLETestUITests */ = {
			isa = PBXGroup;
			children = (
				2B269B871DDE2F40004CD67C /* BLETestUITests.swift */,
				2B269B891DDE2F40004CD67C /* Info.plist */,
			);
			path = BLETestUITests;
			sourceTree = "<group>";
		};
		2B269B951DDE2FB2004CD67C /* Frameworks */ = {
			isa = PBXGroup;
			children = (
				2B7180811DDFB41600569235 /* BluetoothKit.xcodeproj */,
			);
			name = Frameworks;
			sourceTree = "<group>";
		};
		2B7180821DDFB41600569235 /* Products */ = {
			isa = PBXGroup;
			children = (
				2B7180881DDFB41600569235 /* BluetoothKit.framework */,
				2B71808A1DDFB41600569235 /* BluetoothKit.framework */,
				2B71808C1DDFB41600569235 /* BluetoothKit.framework */,
			);
			name = Products;
			sourceTree = "<group>";
		};
/* End PBXGroup section */

/* Begin PBXNativeTarget section */
		2B269B631DDE2F40004CD67C /* BLETest */ = {
			isa = PBXNativeTarget;
			buildConfigurationList = 2B269B8C1DDE2F40004CD67C /* Build configuration list for PBXNativeTarget "BLETest" */;
			buildPhases = (
				2B269B601DDE2F40004CD67C /* Sources */,
				2B269B611DDE2F40004CD67C /* Frameworks */,
				2B269B621DDE2F40004CD67C /* Resources */,
				2BAF04101DDF844C00749C28 /* Embed Frameworks */,
			);
			buildRules = (
			);
			dependencies = (
			);
			name = BLETest;
			productName = BLETest;
			productReference = 2B269B641DDE2F40004CD67C /* BLETest.app */;
			productType = "com.apple.product-type.application";
		};
		2B269B771DDE2F40004CD67C /* BLETestTests */ = {
			isa = PBXNativeTarget;
			buildConfigurationList = 2B269B8F1DDE2F40004CD67C /* Build configuration list for PBXNativeTarget "BLETestTests" */;
			buildPhases = (
				2B269B741DDE2F40004CD67C /* Sources */,
				2B269B751DDE2F40004CD67C /* Frameworks */,
				2B269B761DDE2F40004CD67C /* Resources */,
			);
			buildRules = (
			);
			dependencies = (
				2B269B7A1DDE2F40004CD67C /* PBXTargetDependency */,
			);
			name = BLETestTests;
			productName = BLETestTests;
			productReference = 2B269B781DDE2F40004CD67C /* BLETestTests.xctest */;
			productType = "com.apple.product-type.bundle.unit-test";
		};
		2B269B821DDE2F40004CD67C /* BLETestUITests */ = {
			isa = PBXNativeTarget;
			buildConfigurationList = 2B269B921DDE2F40004CD67C /* Build configuration list for PBXNativeTarget "BLETestUITests" */;
			buildPhases = (
				2B269B7F1DDE2F40004CD67C /* Sources */,
				2B269B801DDE2F40004CD67C /* Frameworks */,
				2B269B811DDE2F40004CD67C /* Resources */,
			);
			buildRules = (
			);
			dependencies = (
				2B269B851DDE2F40004CD67C /* PBXTargetDependency */,
			);
			name = BLETestUITests;
			productName = BLETestUITests;
			productReference = 2B269B831DDE2F40004CD67C /* BLETestUITests.xctest */;
			productType = "com.apple.product-type.bundle.ui-testing";
		};
/* End PBXNativeTarget section */

/* Begin PBXProject section */
		2B269B5C1DDE2F40004CD67C /* Project object */ = {
			isa = PBXProject;
			attributes = {
				LastSwiftUpdateCheck = 0730;
				LastUpgradeCheck = 0810;
				ORGANIZATIONNAME = "Rick Pasetto";
				TargetAttributes = {
					2B269B631DDE2F40004CD67C = {
						CreatedOnToolsVersion = 7.3.1;
						DevelopmentTeam = BJBB97889J;
						LastSwiftMigration = 0810;
					};
					2B269B771DDE2F40004CD67C = {
						CreatedOnToolsVersion = 7.3.1;
						LastSwiftMigration = 0810;
						TestTargetID = 2B269B631DDE2F40004CD67C;
					};
					2B269B821DDE2F40004CD67C = {
						CreatedOnToolsVersion = 7.3.1;
						LastSwiftMigration = 0810;
						TestTargetID = 2B269B631DDE2F40004CD67C;
					};
				};
			};
			buildConfigurationList = 2B269B5F1DDE2F40004CD67C /* Build configuration list for PBXProject "BLETest" */;
			compatibilityVersion = "Xcode 3.2";
			developmentRegion = English;
			hasScannedForEncodings = 0;
			knownRegions = (
				en,
				Base,
			);
			mainGroup = 2B269B5B1DDE2F40004CD67C;
			productRefGroup = 2B269B651DDE2F40004CD67C /* Products */;
			projectDirPath = "";
			projectReferences = (
				{
					ProductGroup = 2B7180821DDFB41600569235 /* Products */;
					ProjectRef = 2B7180811DDFB41600569235 /* BluetoothKit.xcodeproj */;
				},
			);
			projectRoot = "";
			targets = (
				2B269B631DDE2F40004CD67C /* BLETest */,
				2B269B771DDE2F40004CD67C /* BLETestTests */,
				2B269B821DDE2F40004CD67C /* BLETestUITests */,
			);
		};
/* End PBXProject section */

/* Begin PBXReferenceProxy section */
		2B7180881DDFB41600569235 /* BluetoothKit.framework */ = {
			isa = PBXReferenceProxy;
			fileType = wrapper.framework;
			path = BluetoothKit.framework;
			remoteRef = 2B7180871DDFB41600569235 /* PBXContainerItemProxy */;
			sourceTree = BUILT_PRODUCTS_DIR;
		};
		2B71808A1DDFB41600569235 /* BluetoothKit.framework */ = {
			isa = PBXReferenceProxy;
			fileType = wrapper.framework;
			path = BluetoothKit.framework;
			remoteRef = 2B7180891DDFB41600569235 /* PBXContainerItemProxy */;
			sourceTree = BUILT_PRODUCTS_DIR;
		};
		2B71808C1DDFB41600569235 /* BluetoothKit.framework */ = {
			isa = PBXReferenceProxy;
			fileType = wrapper.framework;
			path = BluetoothKit.framework;
			remoteRef = 2B71808B1DDFB41600569235 /* PBXContainerItemProxy */;
			sourceTree = BUILT_PRODUCTS_DIR;
		};
/* End PBXReferenceProxy section */

/* Begin PBXResourcesBuildPhase section */
		2B269B621DDE2F40004CD67C /* Resources */ = {
			isa = PBXResourcesBuildPhase;
			buildActionMask = 2147483647;
			files = (
				2B269B721DDE2F40004CD67C /* LaunchScreen.storyboard in Resources */,
				2B269B6F1DDE2F40004CD67C /* Assets.xcassets in Resources */,
				2B269B6D1DDE2F40004CD67C /* Main.storyboard in Resources */,
			);
			runOnlyForDeploymentPostprocessing = 0;
		};
		2B269B761DDE2F40004CD67C /* Resources */ = {
			isa = PBXResourcesBuildPhase;
			buildActionMask = 2147483647;
			files = (
			);
			runOnlyForDeploymentPostprocessing = 0;
		};
		2B269B811DDE2F40004CD67C /* Resources */ = {
			isa = PBXResourcesBuildPhase;
			buildActionMask = 2147483647;
			files = (
			);
			runOnlyForDeploymentPostprocessing = 0;
		};
/* End PBXResourcesBuildPhase section */

/* Begin PBXSourcesBuildPhase section */
		2B269B601DDE2F40004CD67C /* Sources */ = {
			isa = PBXSourcesBuildPhase;
			buildActionMask = 2147483647;
			files = (
				2B269B6A1DDE2F40004CD67C /* ViewController.swift in Sources */,
				2B269B681DDE2F40004CD67C /* AppDelegate.swift in Sources */,
				2B0D997C1DDFB7790008F57C /* DataModel.swift in Sources */,
				2B0D997E1DDFBDBC0008F57C /* JSONConversion.swift in Sources */,
			);
			runOnlyForDeploymentPostprocessing = 0;
		};
		2B269B741DDE2F40004CD67C /* Sources */ = {
			isa = PBXSourcesBuildPhase;
			buildActionMask = 2147483647;
			files = (
				2B269B7D1DDE2F40004CD67C /* BLETestTests.swift in Sources */,
			);
			runOnlyForDeploymentPostprocessing = 0;
		};
		2B269B7F1DDE2F40004CD67C /* Sources */ = {
			isa = PBXSourcesBuildPhase;
			buildActionMask = 2147483647;
			files = (
				2B269B881DDE2F40004CD67C /* BLETestUITests.swift in Sources */,
			);
			runOnlyForDeploymentPostprocessing = 0;
		};
/* End PBXSourcesBuildPhase section */

/* Begin PBXTargetDependency section */
		2B269B7A1DDE2F40004CD67C /* PBXTargetDependency */ = {
			isa = PBXTargetDependency;
			target = 2B269B631DDE2F40004CD67C /* BLETest */;
			targetProxy = 2B269B791DDE2F40004CD67C /* PBXContainerItemProxy */;
		};
		2B269B851DDE2F40004CD67C /* PBXTargetDependency */ = {
			isa = PBXTargetDependency;
			target = 2B269B631DDE2F40004CD67C /* BLETest */;
			targetProxy = 2B269B841DDE2F40004CD67C /* PBXContainerItemProxy */;
		};
/* End PBXTargetDependency section */

/* Begin PBXVariantGroup section */
		2B269B6B1DDE2F40004CD67C /* Main.storyboard */ = {
			isa = PBXVariantGroup;
			children = (
				2B269B6C1DDE2F40004CD67C /* Base */,
			);
			name = Main.storyboard;
			sourceTree = "<group>";
		};
		2B269B701DDE2F40004CD67C /* LaunchScreen.storyboard */ = {
			isa = PBXVariantGroup;
			children = (
				2B269B711DDE2F40004CD67C /* Base */,
			);
			name = LaunchScreen.storyboard;
			sourceTree = "<group>";
		};
/* End PBXVariantGroup section */

/* Begin XCBuildConfiguration section */
		2B269B8A1DDE2F40004CD67C /* Debug */ = {
			isa = XCBuildConfiguration;
			buildSettings = {
				ALWAYS_SEARCH_USER_PATHS = NO;
				CLANG_ANALYZER_NONNULL = YES;
				CLANG_CXX_LANGUAGE_STANDARD = "gnu++0x";
				CLANG_CXX_LIBRARY = "libc++";
				CLANG_ENABLE_MODULES = YES;
				CLANG_ENABLE_OBJC_ARC = YES;
				CLANG_WARN_BOOL_CONVERSION = YES;
				CLANG_WARN_CONSTANT_CONVERSION = YES;
				CLANG_WARN_DIRECT_OBJC_ISA_USAGE = YES_ERROR;
				CLANG_WARN_EMPTY_BODY = YES;
				CLANG_WARN_ENUM_CONVERSION = YES;
				CLANG_WARN_INFINITE_RECURSION = YES;
				CLANG_WARN_INT_CONVERSION = YES;
				CLANG_WARN_OBJC_ROOT_CLASS = YES_ERROR;
				CLANG_WARN_SUSPICIOUS_MOVE = YES;
				CLANG_WARN_UNREACHABLE_CODE = YES;
				CLANG_WARN__DUPLICATE_METHOD_MATCH = YES;
				"CODE_SIGN_IDENTITY[sdk=iphoneos*]" = "iPhone Developer";
				COPY_PHASE_STRIP = NO;
				DEBUG_INFORMATION_FORMAT = dwarf;
				ENABLE_STRICT_OBJC_MSGSEND = YES;
				ENABLE_TESTABILITY = YES;
				FRAMEWORK_SEARCH_PATHS = ../Carthage/Build/iOS/;
				GCC_C_LANGUAGE_STANDARD = gnu99;
				GCC_DYNAMIC_NO_PIC = NO;
				GCC_NO_COMMON_BLOCKS = YES;
				GCC_OPTIMIZATION_LEVEL = 0;
				GCC_PREPROCESSOR_DEFINITIONS = (
					"DEBUG=1",
					"$(inherited)",
				);
				GCC_WARN_64_TO_32_BIT_CONVERSION = YES;
				GCC_WARN_ABOUT_RETURN_TYPE = YES_ERROR;
				GCC_WARN_UNDECLARED_SELECTOR = YES;
				GCC_WARN_UNINITIALIZED_AUTOS = YES_AGGRESSIVE;
				GCC_WARN_UNUSED_FUNCTION = YES;
				GCC_WARN_UNUSED_VARIABLE = YES;
				IPHONEOS_DEPLOYMENT_TARGET = 9.3;
				MTL_ENABLE_DEBUG_INFO = YES;
				ONLY_ACTIVE_ARCH = YES;
				SDKROOT = iphoneos;
				SWIFT_OPTIMIZATION_LEVEL = "-Onone";
				TARGETED_DEVICE_FAMILY = "1,2";
			};
			name = Debug;
		};
		2B269B8B1DDE2F40004CD67C /* Release */ = {
			isa = XCBuildConfiguration;
			buildSettings = {
				ALWAYS_SEARCH_USER_PATHS = NO;
				CLANG_ANALYZER_NONNULL = YES;
				CLANG_CXX_LANGUAGE_STANDARD = "gnu++0x";
				CLANG_CXX_LIBRARY = "libc++";
				CLANG_ENABLE_MODULES = YES;
				CLANG_ENABLE_OBJC_ARC = YES;
				CLANG_WARN_BOOL_CONVERSION = YES;
				CLANG_WARN_CONSTANT_CONVERSION = YES;
				CLANG_WARN_DIRECT_OBJC_ISA_USAGE = YES_ERROR;
				CLANG_WARN_EMPTY_BODY = YES;
				CLANG_WARN_ENUM_CONVERSION = YES;
				CLANG_WARN_INFINITE_RECURSION = YES;
				CLANG_WARN_INT_CONVERSION = YES;
				CLANG_WARN_OBJC_ROOT_CLASS = YES_ERROR;
				CLANG_WARN_SUSPICIOUS_MOVE = YES;
				CLANG_WARN_UNREACHABLE_CODE = YES;
				CLANG_WARN__DUPLICATE_METHOD_MATCH = YES;
				"CODE_SIGN_IDENTITY[sdk=iphoneos*]" = "iPhone Developer";
				COPY_PHASE_STRIP = NO;
				DEBUG_INFORMATION_FORMAT = "dwarf-with-dsym";
				ENABLE_NS_ASSERTIONS = NO;
				ENABLE_STRICT_OBJC_MSGSEND = YES;
				FRAMEWORK_SEARCH_PATHS = ../Carthage/Build/iOS/;
				GCC_C_LANGUAGE_STANDARD = gnu99;
				GCC_NO_COMMON_BLOCKS = YES;
				GCC_WARN_64_TO_32_BIT_CONVERSION = YES;
				GCC_WARN_ABOUT_RETURN_TYPE = YES_ERROR;
				GCC_WARN_UNDECLARED_SELECTOR = YES;
				GCC_WARN_UNINITIALIZED_AUTOS = YES_AGGRESSIVE;
				GCC_WARN_UNUSED_FUNCTION = YES;
				GCC_WARN_UNUSED_VARIABLE = YES;
				IPHONEOS_DEPLOYMENT_TARGET = 9.3;
				MTL_ENABLE_DEBUG_INFO = NO;
				SDKROOT = iphoneos;
				SWIFT_OPTIMIZATION_LEVEL = "-Owholemodule";
				TARGETED_DEVICE_FAMILY = "1,2";
				VALIDATE_PRODUCT = YES;
			};
			name = Release;
		};
		2B269B8D1DDE2F40004CD67C /* Debug */ = {
			isa = XCBuildConfiguration;
			buildSettings = {
				ASSETCATALOG_COMPILER_APPICON_NAME = AppIcon;
				DEVELOPMENT_TEAM = BJBB97889J;
				INFOPLIST_FILE = BLETest/Info.plist;
				LD_RUNPATH_SEARCH_PATHS = "$(inherited) @executable_path/Frameworks";
				PRODUCT_BUNDLE_IDENTIFIER = org.rickpasetto.BLETest;
				PRODUCT_NAME = "$(TARGET_NAME)";
				SWIFT_VERSION = 3.0;
			};
			name = Debug;
		};
		2B269B8E1DDE2F40004CD67C /* Release */ = {
			isa = XCBuildConfiguration;
			buildSettings = {
				ASSETCATALOG_COMPILER_APPICON_NAME = AppIcon;
				DEVELOPMENT_TEAM = BJBB97889J;
				INFOPLIST_FILE = BLETest/Info.plist;
				LD_RUNPATH_SEARCH_PATHS = "$(inherited) @executable_path/Frameworks";
				PRODUCT_BUNDLE_IDENTIFIER = org.rickpasetto.BLETest;
				PRODUCT_NAME = "$(TARGET_NAME)";
				SWIFT_VERSION = 3.0;
			};
			name = Release;
		};
		2B269B901DDE2F40004CD67C /* Debug */ = {
			isa = XCBuildConfiguration;
			buildSettings = {
				BUNDLE_LOADER = "$(TEST_HOST)";
				INFOPLIST_FILE = BLETestTests/Info.plist;
				LD_RUNPATH_SEARCH_PATHS = "$(inherited) @executable_path/Frameworks @loader_path/Frameworks";
				PRODUCT_BUNDLE_IDENTIFIER = org.rickpasetto.BLETestTests;
				PRODUCT_NAME = "$(TARGET_NAME)";
				SWIFT_VERSION = 3.0;
				TEST_HOST = "$(BUILT_PRODUCTS_DIR)/BLETest.app/BLETest";
			};
			name = Debug;
		};
		2B269B911DDE2F40004CD67C /* Release */ = {
			isa = XCBuildConfiguration;
			buildSettings = {
				BUNDLE_LOADER = "$(TEST_HOST)";
				INFOPLIST_FILE = BLETestTests/Info.plist;
				LD_RUNPATH_SEARCH_PATHS = "$(inherited) @executable_path/Frameworks @loader_path/Frameworks";
				PRODUCT_BUNDLE_IDENTIFIER = org.rickpasetto.BLETestTests;
				PRODUCT_NAME = "$(TARGET_NAME)";
				SWIFT_VERSION = 3.0;
				TEST_HOST = "$(BUILT_PRODUCTS_DIR)/BLETest.app/BLETest";
			};
			name = Release;
		};
		2B269B931DDE2F40004CD67C /* Debug */ = {
			isa = XCBuildConfiguration;
			buildSettings = {
				INFOPLIST_FILE = BLETestUITests/Info.plist;
				LD_RUNPATH_SEARCH_PATHS = "$(inherited) @executable_path/Frameworks @loader_path/Frameworks";
				PRODUCT_BUNDLE_IDENTIFIER = org.rickpasetto.BLETestUITests;
				PRODUCT_NAME = "$(TARGET_NAME)";
				SWIFT_VERSION = 3.0;
				TEST_TARGET_NAME = BLETest;
			};
			name = Debug;
		};
		2B269B941DDE2F40004CD67C /* Release */ = {
			isa = XCBuildConfiguration;
			buildSettings = {
				INFOPLIST_FILE = BLETestUITests/Info.plist;
				LD_RUNPATH_SEARCH_PATHS = "$(inherited) @executable_path/Frameworks @loader_path/Frameworks";
				PRODUCT_BUNDLE_IDENTIFIER = org.rickpasetto.BLETestUITests;
				PRODUCT_NAME = "$(TARGET_NAME)";
				SWIFT_VERSION = 3.0;
				TEST_TARGET_NAME = BLETest;
			};
			name = Release;
		};
/* End XCBuildConfiguration section */

/* Begin XCConfigurationList section */
		2B269B5F1DDE2F40004CD67C /* Build configuration list for PBXProject "BLETest" */ = {
			isa = XCConfigurationList;
			buildConfigurations = (
				2B269B8A1DDE2F40004CD67C /* Debug */,
				2B269B8B1DDE2F40004CD67C /* Release */,
			);
			defaultConfigurationIsVisible = 0;
			defaultConfigurationName = Release;
		};
		2B269B8C1DDE2F40004CD67C /* Build configuration list for PBXNativeTarget "BLETest" */ = {
			isa = XCConfigurationList;
			buildConfigurations = (
				2B269B8D1DDE2F40004CD67C /* Debug */,
				2B269B8E1DDE2F40004CD67C /* Release */,
			);
			defaultConfigurationIsVisible = 0;
			defaultConfigurationName = Release;
		};
		2B269B8F1DDE2F40004CD67C /* Build configuration list for PBXNativeTarget "BLETestTests" */ = {
			isa = XCConfigurationList;
			buildConfigurations = (
				2B269B901DDE2F40004CD67C /* Debug */,
				2B269B911DDE2F40004CD67C /* Release */,
			);
			defaultConfigurationIsVisible = 0;
			defaultConfigurationName = Release;
		};
		2B269B921DDE2F40004CD67C /* Build configuration list for PBXNativeTarget "BLETestUITests" */ = {
			isa = XCConfigurationList;
			buildConfigurations = (
				2B269B931DDE2F40004CD67C /* Debug */,
				2B269B941DDE2F40004CD67C /* Release */,
			);
			defaultConfigurationIsVisible = 0;
			defaultConfigurationName = Release;
		};
/* End XCConfigurationList section */
	};
	rootObject = 2B269B5C1DDE2F40004CD67C /* Project object */;
}
